// !$*UTF8*$!
{
	archiveVersion = 1;
	classes = {
	};
	objectVersion = 50;
	objects = {

/* Begin PBXBuildFile section */
		621346F02224832200E154FD /* AppDelegate.swift in Sources */ = {isa = PBXBuildFile; fileRef = 621346EF2224832200E154FD /* AppDelegate.swift */; };
		621346F52224832200E154FD /* Main.storyboard in Resources */ = {isa = PBXBuildFile; fileRef = 621346F32224832200E154FD /* Main.storyboard */; };
		621346F72224832300E154FD /* Assets.xcassets in Resources */ = {isa = PBXBuildFile; fileRef = 621346F62224832300E154FD /* Assets.xcassets */; };
		621346FA2224832300E154FD /* LaunchScreen.storyboard in Resources */ = {isa = PBXBuildFile; fileRef = 621346F82224832300E154FD /* LaunchScreen.storyboard */; };
		621347042224833D00E154FD /* CloudKit.framework in Frameworks */ = {isa = PBXBuildFile; fileRef = 621347032224833D00E154FD /* CloudKit.framework */; };
		62134707222483AF00E154FD /* Entry.swift in Sources */ = {isa = PBXBuildFile; fileRef = 62134706222483AF00E154FD /* Entry.swift */; };
		6213470A2224857200E154FD /* EntryController.swift in Sources */ = {isa = PBXBuildFile; fileRef = 621347092224857200E154FD /* EntryController.swift */; };
		6213470E22248E4C00E154FD /* EntryListViewController.swift in Sources */ = {isa = PBXBuildFile; fileRef = 6213470D22248E4C00E154FD /* EntryListViewController.swift */; };
		625C8F322224920E00B045DA /* EntryDetailViewController.swift in Sources */ = {isa = PBXBuildFile; fileRef = 625C8F312224920E00B045DA /* EntryDetailViewController.swift */; };
/* End PBXBuildFile section */

/* Begin PBXFileReference section */
		621346EC2224832200E154FD /* JournalCK.app */ = {isa = PBXFileReference; explicitFileType = wrapper.application; includeInIndex = 0; path = JournalCK.app; sourceTree = BUILT_PRODUCTS_DIR; };
		621346EF2224832200E154FD /* AppDelegate.swift */ = {isa = PBXFileReference; lastKnownFileType = sourcecode.swift; path = AppDelegate.swift; sourceTree = "<group>"; };
		621346F42224832200E154FD /* Base */ = {isa = PBXFileReference; lastKnownFileType = file.storyboard; name = Base; path = Base.lproj/Main.storyboard; sourceTree = "<group>"; };
		621346F62224832300E154FD /* Assets.xcassets */ = {isa = PBXFileReference; lastKnownFileType = folder.assetcatalog; path = Assets.xcassets; sourceTree = "<group>"; };
		621346F92224832300E154FD /* Base */ = {isa = PBXFileReference; lastKnownFileType = file.storyboard; name = Base; path = Base.lproj/LaunchScreen.storyboard; sourceTree = "<group>"; };
		621346FB2224832300E154FD /* Info.plist */ = {isa = PBXFileReference; lastKnownFileType = text.plist.xml; path = Info.plist; sourceTree = "<group>"; };
		621347012224833B00E154FD /* JournalCK.entitlements */ = {isa = PBXFileReference; lastKnownFileType = text.plist.entitlements; path = JournalCK.entitlements; sourceTree = "<group>"; };
		621347032224833D00E154FD /* CloudKit.framework */ = {isa = PBXFileReference; lastKnownFileType = wrapper.framework; name = CloudKit.framework; path = System/Library/Frameworks/CloudKit.framework; sourceTree = SDKROOT; };
		62134706222483AF00E154FD /* Entry.swift */ = {isa = PBXFileReference; lastKnownFileType = sourcecode.swift; path = Entry.swift; sourceTree = "<group>"; };
		621347092224857200E154FD /* EntryController.swift */ = {isa = PBXFileReference; lastKnownFileType = sourcecode.swift; path = EntryController.swift; sourceTree = "<group>"; };
		6213470D22248E4C00E154FD /* EntryListViewController.swift */ = {isa = PBXFileReference; lastKnownFileType = sourcecode.swift; path = EntryListViewController.swift; sourceTree = "<group>"; };
		625C8F312224920E00B045DA /* EntryDetailViewController.swift */ = {isa = PBXFileReference; lastKnownFileType = sourcecode.swift; path = EntryDetailViewController.swift; sourceTree = "<group>"; };
/* End PBXFileReference section */

/* Begin PBXFrameworksBuildPhase section */
		621346E92224832200E154FD /* Frameworks */ = {
			isa = PBXFrameworksBuildPhase;
			buildActionMask = 2147483647;
			files = (
				621347042224833D00E154FD /* CloudKit.framework in Frameworks */,
			);
			runOnlyForDeploymentPostprocessing = 0;
		};
/* End PBXFrameworksBuildPhase section */

/* Begin PBXGroup section */
		621346E32224832200E154FD = {
			isa = PBXGroup;
			children = (
				621346EE2224832200E154FD /* JournalCK */,
				621346ED2224832200E154FD /* Products */,
				621347022224833D00E154FD /* Frameworks */,
			);
			sourceTree = "<group>";
		};
		621346ED2224832200E154FD /* Products */ = {
			isa = PBXGroup;
			children = (
				621346EC2224832200E154FD /* JournalCK.app */,
			);
			name = Products;
			sourceTree = "<group>";
		};
		621346EE2224832200E154FD /* JournalCK */ = {
			isa = PBXGroup;
			children = (
				62134708222483B400E154FD /* Models */,
				6213470C2224858000E154FD /* Views */,
				6213470B2224857500E154FD /* Controllers */,
				621347012224833B00E154FD /* JournalCK.entitlements */,
				621347052224839100E154FD /* Resources */,
			);
			path = JournalCK;
			sourceTree = "<group>";
		};
		621347022224833D00E154FD /* Frameworks */ = {
			isa = PBXGroup;
			children = (
				621347032224833D00E154FD /* CloudKit.framework */,
			);
			name = Frameworks;
			sourceTree = "<group>";
		};
		621347052224839100E154FD /* Resources */ = {
			isa = PBXGroup;
			children = (
				621346EF2224832200E154FD /* AppDelegate.swift */,
				621346F62224832300E154FD /* Assets.xcassets */,
				621346F82224832300E154FD /* LaunchScreen.storyboard */,
				621346FB2224832300E154FD /* Info.plist */,
			);
			path = Resources;
			sourceTree = "<group>";
		};
		62134708222483B400E154FD /* Models */ = {
			isa = PBXGroup;
			children = (
				62134706222483AF00E154FD /* Entry.swift */,
			);
			path = Models;
			sourceTree = "<group>";
		};
		6213470B2224857500E154FD /* Controllers */ = {
			isa = PBXGroup;
			children = (
				6213471022248E5800E154FD /* ModelControllers */,
				6213470F22248E5100E154FD /* ViewControllers */,
			);
			path = Controllers;
			sourceTree = "<group>";
		};
		6213470C2224858000E154FD /* Views */ = {
			isa = PBXGroup;
			children = (
				621346F32224832200E154FD /* Main.storyboard */,
			);
			path = Views;
			sourceTree = "<group>";
		};
		6213470F22248E5100E154FD /* ViewControllers */ = {
			isa = PBXGroup;
			children = (
				6213470D22248E4C00E154FD /* EntryListViewController.swift */,
				625C8F312224920E00B045DA /* EntryDetailViewController.swift */,
			);
			path = ViewControllers;
			sourceTree = "<group>";
		};
		6213471022248E5800E154FD /* ModelControllers */ = {
			isa = PBXGroup;
			children = (
				621347092224857200E154FD /* EntryController.swift */,
			);
			path = ModelControllers;
			sourceTree = "<group>";
		};
/* End PBXGroup section */

/* Begin PBXNativeTarget section */
		621346EB2224832200E154FD /* JournalCK */ = {
			isa = PBXNativeTarget;
			buildConfigurationList = 621346FE2224832300E154FD /* Build configuration list for PBXNativeTarget "JournalCK" */;
			buildPhases = (
				621346E82224832200E154FD /* Sources */,
				621346E92224832200E154FD /* Frameworks */,
				621346EA2224832200E154FD /* Resources */,
			);
			buildRules = (
			);
			dependencies = (
			);
			name = JournalCK;
			productName = JournalCK;
			productReference = 621346EC2224832200E154FD /* JournalCK.app */;
			productType = "com.apple.product-type.application";
		};
/* End PBXNativeTarget section */

/* Begin PBXProject section */
		621346E42224832200E154FD /* Project object */ = {
			isa = PBXProject;
			attributes = {
				LastSwiftUpdateCheck = 1010;
				LastUpgradeCheck = 1010;
				ORGANIZATIONNAME = "RYAN GREENBURG";
				TargetAttributes = {
					621346EB2224832200E154FD = {
						CreatedOnToolsVersion = 10.1;
						SystemCapabilities = {
							com.apple.Push = {
								enabled = 1;
							};
							com.apple.iCloud = {
								enabled = 1;
							};
						};
					};
				};
			};
			buildConfigurationList = 621346E72224832200E154FD /* Build configuration list for PBXProject "JournalCK" */;
			compatibilityVersion = "Xcode 9.3";
			developmentRegion = en;
			hasScannedForEncodings = 0;
			knownRegions = (
				en,
				Base,
			);
			mainGroup = 621346E32224832200E154FD;
			productRefGroup = 621346ED2224832200E154FD /* Products */;
			projectDirPath = "";
			projectRoot = "";
			targets = (
				621346EB2224832200E154FD /* JournalCK */,
			);
		};
/* End PBXProject section */

/* Begin PBXResourcesBuildPhase section */
		621346EA2224832200E154FD /* Resources */ = {
			isa = PBXResourcesBuildPhase;
			buildActionMask = 2147483647;
			files = (
				621346FA2224832300E154FD /* LaunchScreen.storyboard in Resources */,
				621346F72224832300E154FD /* Assets.xcassets in Resources */,
				621346F52224832200E154FD /* Main.storyboard in Resources */,
			);
			runOnlyForDeploymentPostprocessing = 0;
		};
/* End PBXResourcesBuildPhase section */

/* Begin PBXSourcesBuildPhase section */
		621346E82224832200E154FD /* Sources */ = {
			isa = PBXSourcesBuildPhase;
			buildActionMask = 2147483647;
			files = (
				6213470A2224857200E154FD /* EntryController.swift in Sources */,
				6213470E22248E4C00E154FD /* EntryListViewController.swift in Sources */,
				62134707222483AF00E154FD /* Entry.swift in Sources */,
				625C8F322224920E00B045DA /* EntryDetailViewController.swift in Sources */,
				621346F02224832200E154FD /* AppDelegate.swift in Sources */,
			);
			runOnlyForDeploymentPostprocessing = 0;
		};
/* End PBXSourcesBuildPhase section */

/* Begin PBXVariantGroup section */
		621346F32224832200E154FD /* Main.storyboard */ = {
			isa = PBXVariantGroup;
			children = (
				621346F42224832200E154FD /* Base */,
			);
			name = Main.storyboard;
			sourceTree = "<group>";
		};
		621346F82224832300E154FD /* LaunchScreen.storyboard */ = {
			isa = PBXVariantGroup;
			children = (
				621346F92224832300E154FD /* Base */,
			);
			name = LaunchScreen.storyboard;
			sourceTree = "<group>";
		};
/* End PBXVariantGroup section */

/* Begin XCBuildConfiguration section */
		621346FC2224832300E154FD /* Debug */ = {
			isa = XCBuildConfiguration;
			buildSettings = {
				ALWAYS_SEARCH_USER_PATHS = NO;
				CLANG_ANALYZER_NONNULL = YES;
				CLANG_ANALYZER_NUMBER_OBJECT_CONVERSION = YES_AGGRESSIVE;
				CLANG_CXX_LANGUAGE_STANDARD = "gnu++14";
				CLANG_CXX_LIBRARY = "libc++";
				CLANG_ENABLE_MODULES = YES;
				CLANG_ENABLE_OBJC_ARC = YES;
				CLANG_ENABLE_OBJC_WEAK = YES;
				CLANG_WARN_BLOCK_CAPTURE_AUTORELEASING = YES;
				CLANG_WARN_BOOL_CONVERSION = YES;
				CLANG_WARN_COMMA = YES;
				CLANG_WARN_CONSTANT_CONVERSION = YES;
				CLANG_WARN_DEPRECATED_OBJC_IMPLEMENTATIONS = YES;
				CLANG_WARN_DIRECT_OBJC_ISA_USAGE = YES_ERROR;
				CLANG_WARN_DOCUMENTATION_COMMENTS = YES;
				CLANG_WARN_EMPTY_BODY = YES;
				CLANG_WARN_ENUM_CONVERSION = YES;
				CLANG_WARN_INFINITE_RECURSION = YES;
				CLANG_WARN_INT_CONVERSION = YES;
				CLANG_WARN_NON_LITERAL_NULL_CONVERSION = YES;
				CLANG_WARN_OBJC_IMPLICIT_RETAIN_SELF = YES;
				CLANG_WARN_OBJC_LITERAL_CONVERSION = YES;
				CLANG_WARN_OBJC_ROOT_CLASS = YES_ERROR;
				CLANG_WARN_RANGE_LOOP_ANALYSIS = YES;
				CLANG_WARN_STRICT_PROTOTYPES = YES;
				CLANG_WARN_SUSPICIOUS_MOVE = YES;
				CLANG_WARN_UNGUARDED_AVAILABILITY = YES_AGGRESSIVE;
				CLANG_WARN_UNREACHABLE_CODE = YES;
				CLANG_WARN__DUPLICATE_METHOD_MATCH = YES;
				CODE_SIGN_IDENTITY = "iPhone Developer";
				COPY_PHASE_STRIP = NO;
				DEBUG_INFORMATION_FORMAT = dwarf;
				ENABLE_STRICT_OBJC_MSGSEND = YES;
				ENABLE_TESTABILITY = YES;
				GCC_C_LANGUAGE_STANDARD = gnu11;
				GCC_DYNAMIC_NO_PIC = NO;
				GCC_NO_COMMON_BLOCKS = YES;
				GCC_OPTIMIZATION_LEVEL = 0;
				GCC_PREPROCESSOR_DEFINITIONS = (
					"DEBUG=1",
					"$(inherited)",
				);
				GCC_WARN_64_TO_32_BIT_CONVERSION = YES;
				GCC_WARN_ABOUT_RETURN_TYPE = YES_ERROR;
				GCC_WARN_UNDECLARED_SELECTOR = YES;
				GCC_WARN_UNINITIALIZED_AUTOS = YES_AGGRESSIVE;
				GCC_WARN_UNUSED_FUNCTION = YES;
				GCC_WARN_UNUSED_VARIABLE = YES;
				IPHONEOS_DEPLOYMENT_TARGET = 12.1;
				MTL_ENABLE_DEBUG_INFO = INCLUDE_SOURCE;
				MTL_FAST_MATH = YES;
				ONLY_ACTIVE_ARCH = YES;
				SDKROOT = iphoneos;
				SWIFT_ACTIVE_COMPILATION_CONDITIONS = DEBUG;
				SWIFT_OPTIMIZATION_LEVEL = "-Onone";
			};
			name = Debug;
		};
		621346FD2224832300E154FD /* Release */ = {
			isa = XCBuildConfiguration;
			buildSettings = {
				ALWAYS_SEARCH_USER_PATHS = NO;
				CLANG_ANALYZER_NONNULL = YES;
				CLANG_ANALYZER_NUMBER_OBJECT_CONVERSION = YES_AGGRESSIVE;
				CLANG_CXX_LANGUAGE_STANDARD = "gnu++14";
				CLANG_CXX_LIBRARY = "libc++";
				CLANG_ENABLE_MODULES = YES;
				CLANG_ENABLE_OBJC_ARC = YES;
				CLANG_ENABLE_OBJC_WEAK = YES;
				CLANG_WARN_BLOCK_CAPTURE_AUTORELEASING = YES;
				CLANG_WARN_BOOL_CONVERSION = YES;
				CLANG_WARN_COMMA = YES;
				CLANG_WARN_CONSTANT_CONVERSION = YES;
				CLANG_WARN_DEPRECATED_OBJC_IMPLEMENTATIONS = YES;
				CLANG_WARN_DIRECT_OBJC_ISA_USAGE = YES_ERROR;
				CLANG_WARN_DOCUMENTATION_COMMENTS = YES;
				CLANG_WARN_EMPTY_BODY = YES;
				CLANG_WARN_ENUM_CONVERSION = YES;
				CLANG_WARN_INFINITE_RECURSION = YES;
				CLANG_WARN_INT_CONVERSION = YES;
				CLANG_WARN_NON_LITERAL_NULL_CONVERSION = YES;
				CLANG_WARN_OBJC_IMPLICIT_RETAIN_SELF = YES;
				CLANG_WARN_OBJC_LITERAL_CONVERSION = YES;
				CLANG_WARN_OBJC_ROOT_CLASS = YES_ERROR;
				CLANG_WARN_RANGE_LOOP_ANALYSIS = YES;
				CLANG_WARN_STRICT_PROTOTYPES = YES;
				CLANG_WARN_SUSPICIOUS_MOVE = YES;
				CLANG_WARN_UNGUARDED_AVAILABILITY = YES_AGGRESSIVE;
				CLANG_WARN_UNREACHABLE_CODE = YES;
				CLANG_WARN__DUPLICATE_METHOD_MATCH = YES;
				CODE_SIGN_IDENTITY = "iPhone Developer";
				COPY_PHASE_STRIP = NO;
				DEBUG_INFORMATION_FORMAT = "dwarf-with-dsym";
				ENABLE_NS_ASSERTIONS = NO;
				ENABLE_STRICT_OBJC_MSGSEND = YES;
				GCC_C_LANGUAGE_STANDARD = gnu11;
				GCC_NO_COMMON_BLOCKS = YES;
				GCC_WARN_64_TO_32_BIT_CONVERSION = YES;
				GCC_WARN_ABOUT_RETURN_TYPE = YES_ERROR;
				GCC_WARN_UNDECLARED_SELECTOR = YES;
				GCC_WARN_UNINITIALIZED_AUTOS = YES_AGGRESSIVE;
				GCC_WARN_UNUSED_FUNCTION = YES;
				GCC_WARN_UNUSED_VARIABLE = YES;
				IPHONEOS_DEPLOYMENT_TARGET = 12.1;
				MTL_ENABLE_DEBUG_INFO = NO;
				MTL_FAST_MATH = YES;
				SDKROOT = iphoneos;
				SWIFT_COMPILATION_MODE = wholemodule;
				SWIFT_OPTIMIZATION_LEVEL = "-O";
				VALIDATE_PRODUCT = YES;
			};
			name = Release;
		};
		621346FF2224832300E154FD /* Debug */ = {
			isa = XCBuildConfiguration;
			buildSettings = {
				ASSETCATALOG_COMPILER_APPICON_NAME = AppIcon;
				CODE_SIGN_ENTITLEMENTS = JournalCK/JournalCK.entitlements;
				CODE_SIGN_STYLE = Automatic;
				DEVELOPMENT_TEAM = H8C27D6HU3;
				INFOPLIST_FILE = "$(SRCROOT)/JournalCK/Resources/Info.plist";
				LD_RUNPATH_SEARCH_PATHS = (
					"$(inherited)",
					"@executable_path/Frameworks",
				);
				PRODUCT_BUNDLE_IDENTIFIER = com.RyanGreenburg.JournalCK;
				PRODUCT_NAME = "$(TARGET_NAME)";
				SWIFT_VERSION = 4.2;
				TARGETED_DEVICE_FAMILY = "1,2";
			};
			name = Debug;
		};
		621347002224832300E154FD /* Release */ = {
			isa = XCBuildConfiguration;
			buildSettings = {
				ASSETCATALOG_COMPILER_APPICON_NAME = AppIcon;
				CODE_SIGN_ENTITLEMENTS = JournalCK/JournalCK.entitlements;
				CODE_SIGN_STYLE = Automatic;
				DEVELOPMENT_TEAM = H8C27D6HU3;
				INFOPLIST_FILE = "$(SRCROOT)/JournalCK/Resources/Info.plist";
				LD_RUNPATH_SEARCH_PATHS = (
					"$(inherited)",
					"@executable_path/Frameworks",
				);
				PRODUCT_BUNDLE_IDENTIFIER = com.RyanGreenburg.JournalCK;
				PRODUCT_NAME = "$(TARGET_NAME)";
				SWIFT_VERSION = 4.2;
				TARGETED_DEVICE_FAMILY = "1,2";
			};
			name = Release;
		};
/* End XCBuildConfiguration section */

/* Begin XCConfigurationList section */
		621346E72224832200E154FD /* Build configuration list for PBXProject "JournalCK" */ = {
			isa = XCConfigurationList;
			buildConfigurations = (
				621346FC2224832300E154FD /* Debug */,
				621346FD2224832300E154FD /* Release */,
			);
			defaultConfigurationIsVisible = 0;
			defaultConfigurationName = Release;
		};
		621346FE2224832300E154FD /* Build configuration list for PBXNativeTarget "JournalCK" */ = {
			isa = XCConfigurationList;
			buildConfigurations = (
				621346FF2224832300E154FD /* Debug */,
				621347002224832300E154FD /* Release */,
			);
			defaultConfigurationIsVisible = 0;
			defaultConfigurationName = Release;
		};
/* End XCConfigurationList section */
	};
	rootObject = 621346E42224832200E154FD /* Project object */;
}
